
Microsoft Visual Studio Solution File, Format Version 12.00
Project("{FAE04EC0-301F-11D3-BF4B-00C04F79EFBC}") = "prakt1", "prakt1\prakt1.csproj", "{0E660F50-3319-4597-8374-7B9F5BBA5A56}"
EndProject
Project("{FAE04EC0-301F-11D3-BF4B-00C04F79EFBC}") = "ClassLibrary1", "ClassLibrary1\ClassLibrary1.csproj", "{F770C4B3-38BB-4607-8346-6868BA7F4923}"
EndProject
Project("{FAE04EC0-301F-11D3-BF4B-00C04F79EFBC}") = "prakt1.7", "prakt1.7\prakt1.7.csproj", "{F3EF9FA0-BE38-40B4-8D5A-6397B39AE326}"
EndProject
Project("{FAE04EC0-301F-11D3-BF4B-00C04F79EFBC}") = "prakt2.1", "prakt2.1\prakt2.1.csproj", "{3017F2EC-2322-4EB5-9F81-4BCEBA82FA54}"
EndProject
Project("{FAE04EC0-301F-11D3-BF4B-00C04F79EFBC}") = "prakt2.2", "prakt2.2\prakt2.2.csproj", "{26836F23-9262-4473-97F7-A44589D86DE2}"
EndProject
Project("{FAE04EC0-301F-11D3-BF4B-00C04F79EFBC}") = "prakt2.3", "prakt2.3\prakt2.3.csproj", "{2C6B09E1-34F9-46D1-88B2-F38038B65229}"
EndProject
Project("{FAE04EC0-301F-11D3-BF4B-00C04F79EFBC}") = "prakt2_4", "prakt2_4\prakt2_4.csproj", "{6012B373-F7E8-40AB-A5C8-6E2F1C8F48F2}"
EndProject
Project("{FAE04EC0-301F-11D3-BF4B-00C04F79EFBC}") = "prakt2_5", "prakt2_5\prakt2_5.csproj", "{26F935E0-33C1-4D0B-B2D5-D885E8525699}"
EndProject
Project("{FAE04EC0-301F-11D3-BF4B-00C04F79EFBC}") = "prakt2.7", "prakt2.7\prakt2.7.csproj", "{1767280C-B295-4D8C-A7F5-828C9FA245CB}"
EndProject
Global
	GlobalSection(SolutionConfigurationPlatforms) = preSolution
		Debug|Any CPU = Debug|Any CPU
		Release|Any CPU = Release|Any CPU
	EndGlobalSection
	GlobalSection(ProjectConfigurationPlatforms) = postSolution
		{0E660F50-3319-4597-8374-7B9F5BBA5A56}.Debug|Any CPU.ActiveCfg = Debug|Any CPU
		{0E660F50-3319-4597-8374-7B9F5BBA5A56}.Debug|Any CPU.Build.0 = Debug|Any CPU
		{0E660F50-3319-4597-8374-7B9F5BBA5A56}.Release|Any CPU.ActiveCfg = Release|Any CPU
		{0E660F50-3319-4597-8374-7B9F5BBA5A56}.Release|Any CPU.Build.0 = Release|Any CPU
		{F770C4B3-38BB-4607-8346-6868BA7F4923}.Debug|Any CPU.ActiveCfg = Debug|Any CPU
		{F770C4B3-38BB-4607-8346-6868BA7F4923}.Debug|Any CPU.Build.0 = Debug|Any CPU
		{F770C4B3-38BB-4607-8346-6868BA7F4923}.Release|Any CPU.ActiveCfg = Release|Any CPU
		{F770C4B3-38BB-4607-8346-6868BA7F4923}.Release|Any CPU.Build.0 = Release|Any CPU
		{F3EF9FA0-BE38-40B4-8D5A-6397B39AE326}.Debug|Any CPU.ActiveCfg = Debug|Any CPU
		{F3EF9FA0-BE38-40B4-8D5A-6397B39AE326}.Debug|Any CPU.Build.0 = Debug|Any CPU
		{F3EF9FA0-BE38-40B4-8D5A-6397B39AE326}.Release|Any CPU.ActiveCfg = Release|Any CPU
		{F3EF9FA0-BE38-40B4-8D5A-6397B39AE326}.Release|Any CPU.Build.0 = Release|Any CPU
		{3017F2EC-2322-4EB5-9F81-4BCEBA82FA54}.Debug|Any CPU.ActiveCfg = Debug|Any CPU
		{3017F2EC-2322-4EB5-9F81-4BCEBA82FA54}.Debug|Any CPU.Build.0 = Debug|Any CPU
		{3017F2EC-2322-4EB5-9F81-4BCEBA82FA54}.Release|Any CPU.ActiveCfg = Release|Any CPU
		{3017F2EC-2322-4EB5-9F81-4BCEBA82FA54}.Release|Any CPU.Build.0 = Release|Any CPU
		{26836F23-9262-4473-97F7-A44589D86DE2}.Debug|Any CPU.ActiveCfg = Debug|Any CPU
		{26836F23-9262-4473-97F7-A44589D86DE2}.Debug|Any CPU.Build.0 = Debug|Any CPU
		{26836F23-9262-4473-97F7-A44589D86DE2}.Release|Any CPU.ActiveCfg = Release|Any CPU
		{26836F23-9262-4473-97F7-A44589D86DE2}.Release|Any CPU.Build.0 = Release|Any CPU
		{2C6B09E1-34F9-46D1-88B2-F38038B65229}.Debug|Any CPU.ActiveCfg = Debug|Any CPU
		{2C6B09E1-34F9-46D1-88B2-F38038B65229}.Debug|Any CPU.Build.0 = Debug|Any CPU
		{2C6B09E1-34F9-46D1-88B2-F38038B65229}.Release|Any CPU.ActiveCfg = Release|Any CPU
		{2C6B09E1-34F9-46D1-88B2-F38038B65229}.Release|Any CPU.Build.0 = Release|Any CPU
		{6012B373-F7E8-40AB-A5C8-6E2F1C8F48F2}.Debug|Any CPU.ActiveCfg = Debug|Any CPU
		{6012B373-F7E8-40AB-A5C8-6E2F1C8F48F2}.Debug|Any CPU.Build.0 = Debug|Any CPU
		{6012B373-F7E8-40AB-A5C8-6E2F1C8F48F2}.Release|Any CPU.ActiveCfg = Release|Any CPU
		{6012B373-F7E8-40AB-A5C8-6E2F1C8F48F2}.Release|Any CPU.Build.0 = Release|Any CPU
		{26F935E0-33C1-4D0B-B2D5-D885E8525699}.Debug|Any CPU.ActiveCfg = Debug|Any CPU
		{26F935E0-33C1-4D0B-B2D5-D885E8525699}.Debug|Any CPU.Build.0 = Debug|Any CPU
		{26F935E0-33C1-4D0B-B2D5-D885E8525699}.Release|Any CPU.ActiveCfg = Release|Any CPU
		{26F935E0-33C1-4D0B-B2D5-D885E8525699}.Release|Any CPU.Build.0 = Release|Any CPU
		{1767280C-B295-4D8C-A7F5-828C9FA245CB}.Debug|Any CPU.ActiveCfg = Debug|Any CPU
		{1767280C-B295-4D8C-A7F5-828C9FA245CB}.Debug|Any CPU.Build.0 = Debug|Any CPU
		{1767280C-B295-4D8C-A7F5-828C9FA245CB}.Release|Any CPU.ActiveCfg = Release|Any CPU
		{1767280C-B295-4D8C-A7F5-828C9FA245CB}.Release|Any CPU.Build.0 = Release|Any CPU
	EndGlobalSection
EndGlobal
